// !$*UTF8*$!
{
	archiveVersion = 1;
	classes = {
	};
	objectVersion = 46;
	objects = {

/* Begin PBXBuildFile section */
		D40CC90415D41F45002649B0 /* QuartzCore.framework in Frameworks */ = {isa = PBXBuildFile; fileRef = D40CC90315D41F45002649B0 /* QuartzCore.framework */; };
		D40CC90D15D42CF7002649B0 /* Icon.png in Resources */ = {isa = PBXBuildFile; fileRef = D40CC90B15D42CF7002649B0 /* Icon.png */; };
		D40CC90E15D42CF7002649B0 /* Icon@2x.png in Resources */ = {isa = PBXBuildFile; fileRef = D40CC90C15D42CF7002649B0 /* Icon@2x.png */; };
		D4102A9E15D32C9500A2AF3E /* UIKit.framework in Frameworks */ = {isa = PBXBuildFile; fileRef = D4102A9D15D32C9500A2AF3E /* UIKit.framework */; };
		D4102AA015D32C9500A2AF3E /* Foundation.framework in Frameworks */ = {isa = PBXBuildFile; fileRef = D4102A9F15D32C9500A2AF3E /* Foundation.framework */; };
		D4102AA215D32C9500A2AF3E /* CoreGraphics.framework in Frameworks */ = {isa = PBXBuildFile; fileRef = D4102AA115D32C9500A2AF3E /* CoreGraphics.framework */; };
		D4102AA815D32C9500A2AF3E /* InfoPlist.strings in Resources */ = {isa = PBXBuildFile; fileRef = D4102AA615D32C9500A2AF3E /* InfoPlist.strings */; };
		D4102AAA15D32C9500A2AF3E /* main.m in Sources */ = {isa = PBXBuildFile; fileRef = D4102AA915D32C9500A2AF3E /* main.m */; };
		D4102AAE15D32C9500A2AF3E /* AppDelegate.m in Sources */ = {isa = PBXBuildFile; fileRef = D4102AAD15D32C9500A2AF3E /* AppDelegate.m */; };
		D4102AB115D32C9500A2AF3E /* ViewController.m in Sources */ = {isa = PBXBuildFile; fileRef = D4102AB015D32C9500A2AF3E /* ViewController.m */; };
		D4102AB415D32C9600A2AF3E /* ViewController_iPhone.xib in Resources */ = {isa = PBXBuildFile; fileRef = D4102AB215D32C9600A2AF3E /* ViewController_iPhone.xib */; };
		D4102AB715D32C9600A2AF3E /* ViewController_iPad.xib in Resources */ = {isa = PBXBuildFile; fileRef = D4102AB515D32C9600A2AF3E /* ViewController_iPad.xib */; };
		D4102ABE15D32CC900A2AF3E /* UIScrollView+AH3DPullRefresh.m in Sources */ = {isa = PBXBuildFile; fileRef = D4102ABD15D32CC900A2AF3E /* UIScrollView+AH3DPullRefresh.m */; };
/* End PBXBuildFile section */

/* Begin PBXFileReference section */
		D40CC90315D41F45002649B0 /* QuartzCore.framework */ = {isa = PBXFileReference; lastKnownFileType = wrapper.framework; name = QuartzCore.framework; path = Platforms/iPhoneOS.platform/Developer/SDKs/iPhoneOS5.0.sdk/System/Library/Frameworks/QuartzCore.framework; sourceTree = DEVELOPER_DIR; };
		D40CC90B15D42CF7002649B0 /* Icon.png */ = {isa = PBXFileReference; lastKnownFileType = image.png; path = Icon.png; sourceTree = "<group>"; };
		D40CC90C15D42CF7002649B0 /* Icon@2x.png */ = {isa = PBXFileReference; lastKnownFileType = image.png; path = "Icon@2x.png"; sourceTree = "<group>"; };
		D4102A9915D32C9500A2AF3E /* AH3DPullRefreshDemo.app */ = {isa = PBXFileReference; explicitFileType = wrapper.application; includeInIndex = 0; path = AH3DPullRefreshDemo.app; sourceTree = BUILT_PRODUCTS_DIR; };
		D4102A9D15D32C9500A2AF3E /* UIKit.framework */ = {isa = PBXFileReference; lastKnownFileType = wrapper.framework; name = UIKit.framework; path = Library/Frameworks/UIKit.framework; sourceTree = DEVELOPER_DIR; };
		D4102A9F15D32C9500A2AF3E /* Foundation.framework */ = {isa = PBXFileReference; lastKnownFileType = wrapper.framework; name = Foundation.framework; path = Library/Frameworks/Foundation.framework; sourceTree = DEVELOPER_DIR; };
		D4102AA115D32C9500A2AF3E /* CoreGraphics.framework */ = {isa = PBXFileReference; lastKnownFileType = wrapper.framework; name = CoreGraphics.framework; path = Library/Frameworks/CoreGraphics.framework; sourceTree = DEVELOPER_DIR; };
		D4102AA515D32C9500A2AF3E /* AH3DPullRefreshDemo-Info.plist */ = {isa = PBXFileReference; lastKnownFileType = text.plist.xml; path = "AH3DPullRefreshDemo-Info.plist"; sourceTree = "<group>"; };
		D4102AA715D32C9500A2AF3E /* en */ = {isa = PBXFileReference; lastKnownFileType = text.plist.strings; name = en; path = en.lproj/InfoPlist.strings; sourceTree = "<group>"; };
		D4102AA915D32C9500A2AF3E /* main.m */ = {isa = PBXFileReference; lastKnownFileType = sourcecode.c.objc; path = main.m; sourceTree = "<group>"; };
		D4102AAB15D32C9500A2AF3E /* AH3DPullRefreshDemo-Prefix.pch */ = {isa = PBXFileReference; lastKnownFileType = sourcecode.c.h; path = "AH3DPullRefreshDemo-Prefix.pch"; sourceTree = "<group>"; };
		D4102AAC15D32C9500A2AF3E /* AppDelegate.h */ = {isa = PBXFileReference; lastKnownFileType = sourcecode.c.h; path = AppDelegate.h; sourceTree = "<group>"; };
		D4102AAD15D32C9500A2AF3E /* AppDelegate.m */ = {isa = PBXFileReference; lastKnownFileType = sourcecode.c.objc; path = AppDelegate.m; sourceTree = "<group>"; };
		D4102AAF15D32C9500A2AF3E /* ViewController.h */ = {isa = PBXFileReference; lastKnownFileType = sourcecode.c.h; path = ViewController.h; sourceTree = "<group>"; };
		D4102AB015D32C9500A2AF3E /* ViewController.m */ = {isa = PBXFileReference; lastKnownFileType = sourcecode.c.objc; path = ViewController.m; sourceTree = "<group>"; };
		D4102AB315D32C9600A2AF3E /* en */ = {isa = PBXFileReference; lastKnownFileType = file.xib; name = en; path = en.lproj/ViewController_iPhone.xib; sourceTree = "<group>"; };
		D4102AB615D32C9600A2AF3E /* en */ = {isa = PBXFileReference; lastKnownFileType = file.xib; name = en; path = en.lproj/ViewController_iPad.xib; sourceTree = "<group>"; };
		D4102ABC15D32CC900A2AF3E /* UIScrollView+AH3DPullRefresh.h */ = {isa = PBXFileReference; fileEncoding = 4; lastKnownFileType = sourcecode.c.h; path = "UIScrollView+AH3DPullRefresh.h"; sourceTree = "<group>"; };
		D4102ABD15D32CC900A2AF3E /* UIScrollView+AH3DPullRefresh.m */ = {isa = PBXFileReference; fileEncoding = 4; lastKnownFileType = sourcecode.c.objc; path = "UIScrollView+AH3DPullRefresh.m"; sourceTree = "<group>"; };
/* End PBXFileReference section */

/* Begin PBXFrameworksBuildPhase section */
		D4102A9615D32C9500A2AF3E /* Frameworks */ = {
			isa = PBXFrameworksBuildPhase;
			buildActionMask = 2147483647;
			files = (
				D40CC90415D41F45002649B0 /* QuartzCore.framework in Frameworks */,
				D4102A9E15D32C9500A2AF3E /* UIKit.framework in Frameworks */,
				D4102AA015D32C9500A2AF3E /* Foundation.framework in Frameworks */,
				D4102AA215D32C9500A2AF3E /* CoreGraphics.framework in Frameworks */,
			);
			runOnlyForDeploymentPostprocessing = 0;
		};
/* End PBXFrameworksBuildPhase section */

/* Begin PBXGroup section */
		D40CC90A15D42CF7002649B0 /* img */ = {
			isa = PBXGroup;
			children = (
				D40CC90B15D42CF7002649B0 /* Icon.png */,
				D40CC90C15D42CF7002649B0 /* Icon@2x.png */,
			);
			path = img;
			sourceTree = "<group>";
		};
		D4102A8C15D32C7B00A2AF3E = {
			isa = PBXGroup;
			children = (
				D4102ABB15D32CC900A2AF3E /* AH3DPullRefresh */,
				D4102AA315D32C9500A2AF3E /* AH3DPullRefreshDemo */,
				D4102A9C15D32C9500A2AF3E /* Frameworks */,
				D4102A9A15D32C9500A2AF3E /* Products */,
			);
			sourceTree = "<group>";
		};
		D4102A9A15D32C9500A2AF3E /* Products */ = {
			isa = PBXGroup;
			children = (
				D4102A9915D32C9500A2AF3E /* AH3DPullRefreshDemo.app */,
			);
			name = Products;
			sourceTree = "<group>";
		};
		D4102A9C15D32C9500A2AF3E /* Frameworks */ = {
			isa = PBXGroup;
			children = (
				D4102AA115D32C9500A2AF3E /* CoreGraphics.framework */,
				D4102A9F15D32C9500A2AF3E /* Foundation.framework */,
				D40CC90315D41F45002649B0 /* QuartzCore.framework */,
				D4102A9D15D32C9500A2AF3E /* UIKit.framework */,
			);
			name = Frameworks;
			sourceTree = "<group>";
		};
		D4102AA315D32C9500A2AF3E /* AH3DPullRefreshDemo */ = {
			isa = PBXGroup;
			children = (
				D4102AAC15D32C9500A2AF3E /* AppDelegate.h */,
				D4102AAD15D32C9500A2AF3E /* AppDelegate.m */,
				D4102AAF15D32C9500A2AF3E /* ViewController.h */,
				D4102AB015D32C9500A2AF3E /* ViewController.m */,
				D4102AB215D32C9600A2AF3E /* ViewController_iPhone.xib */,
				D4102AB515D32C9600A2AF3E /* ViewController_iPad.xib */,
				D40CC90A15D42CF7002649B0 /* img */,
				D4102AA415D32C9500A2AF3E /* Supporting Files */,
			);
			path = AH3DPullRefreshDemo;
			sourceTree = "<group>";
		};
		D4102AA415D32C9500A2AF3E /* Supporting Files */ = {
			isa = PBXGroup;
			children = (
				D4102AA515D32C9500A2AF3E /* AH3DPullRefreshDemo-Info.plist */,
				D4102AA615D32C9500A2AF3E /* InfoPlist.strings */,
				D4102AA915D32C9500A2AF3E /* main.m */,
				D4102AAB15D32C9500A2AF3E /* AH3DPullRefreshDemo-Prefix.pch */,
			);
			name = "Supporting Files";
			sourceTree = "<group>";
		};
		D4102ABB15D32CC900A2AF3E /* AH3DPullRefresh */ = {
			isa = PBXGroup;
			children = (
				D4102ABC15D32CC900A2AF3E /* UIScrollView+AH3DPullRefresh.h */,
				D4102ABD15D32CC900A2AF3E /* UIScrollView+AH3DPullRefresh.m */,
			);
			path = AH3DPullRefresh;
			sourceTree = "<group>";
		};
/* End PBXGroup section */

/* Begin PBXNativeTarget section */
		D4102A9815D32C9500A2AF3E /* AH3DPullRefreshDemo */ = {
			isa = PBXNativeTarget;
			buildConfigurationList = D4102AB815D32C9600A2AF3E /* Build configuration list for PBXNativeTarget "AH3DPullRefreshDemo" */;
			buildPhases = (
				D4102A9515D32C9500A2AF3E /* Sources */,
				D4102A9615D32C9500A2AF3E /* Frameworks */,
				D4102A9715D32C9500A2AF3E /* Resources */,
			);
			buildRules = (
			);
			dependencies = (
			);
			name = AH3DPullRefreshDemo;
			productName = AH3DPullRefreshDemo;
			productReference = D4102A9915D32C9500A2AF3E /* AH3DPullRefreshDemo.app */;
			productType = "com.apple.product-type.application";
		};
/* End PBXNativeTarget section */

/* Begin PBXProject section */
		D4102A8E15D32C7B00A2AF3E /* Project object */ = {
			isa = PBXProject;
			attributes = {
				LastUpgradeCheck = 0420;
			};
			buildConfigurationList = D4102A9115D32C7B00A2AF3E /* Build configuration list for PBXProject "AH3DPullRefresh" */;
			compatibilityVersion = "Xcode 3.2";
			developmentRegion = English;
			hasScannedForEncodings = 0;
			knownRegions = (
				en,
			);
			mainGroup = D4102A8C15D32C7B00A2AF3E;
			productRefGroup = D4102A9A15D32C9500A2AF3E /* Products */;
			projectDirPath = "";
			projectRoot = "";
			targets = (
				D4102A9815D32C9500A2AF3E /* AH3DPullRefreshDemo */,
			);
		};
/* End PBXProject section */

/* Begin PBXResourcesBuildPhase section */
		D4102A9715D32C9500A2AF3E /* Resources */ = {
			isa = PBXResourcesBuildPhase;
			buildActionMask = 2147483647;
			files = (
				D4102AA815D32C9500A2AF3E /* InfoPlist.strings in Resources */,
				D4102AB415D32C9600A2AF3E /* ViewController_iPhone.xib in Resources */,
				D4102AB715D32C9600A2AF3E /* ViewController_iPad.xib in Resources */,
				D40CC90D15D42CF7002649B0 /* Icon.png in Resources */,
				D40CC90E15D42CF7002649B0 /* Icon@2x.png in Resources */,
			);
			runOnlyForDeploymentPostprocessing = 0;
		};
/* End PBXResourcesBuildPhase section */

/* Begin PBXSourcesBuildPhase section */
		D4102A9515D32C9500A2AF3E /* Sources */ = {
			isa = PBXSourcesBuildPhase;
			buildActionMask = 2147483647;
			files = (
				D4102AAA15D32C9500A2AF3E /* main.m in Sources */,
				D4102AAE15D32C9500A2AF3E /* AppDelegate.m in Sources */,
				D4102AB115D32C9500A2AF3E /* ViewController.m in Sources */,
				D4102ABE15D32CC900A2AF3E /* UIScrollView+AH3DPullRefresh.m in Sources */,
			);
			runOnlyForDeploymentPostprocessing = 0;
		};
/* End PBXSourcesBuildPhase section */

/* Begin PBXVariantGroup section */
		D4102AA615D32C9500A2AF3E /* InfoPlist.strings */ = {
			isa = PBXVariantGroup;
			children = (
				D4102AA715D32C9500A2AF3E /* en */,
			);
			name = InfoPlist.strings;
			sourceTree = "<group>";
		};
		D4102AB215D32C9600A2AF3E /* ViewController_iPhone.xib */ = {
			isa = PBXVariantGroup;
			children = (
				D4102AB315D32C9600A2AF3E /* en */,
			);
			name = ViewController_iPhone.xib;
			sourceTree = "<group>";
		};
		D4102AB515D32C9600A2AF3E /* ViewController_iPad.xib */ = {
			isa = PBXVariantGroup;
			children = (
				D4102AB615D32C9600A2AF3E /* en */,
			);
			name = ViewController_iPad.xib;
			sourceTree = "<group>";
		};
/* End PBXVariantGroup section */

/* Begin XCBuildConfiguration section */
		D4102A9315D32C7B00A2AF3E /* Debug */ = {
			isa = XCBuildConfiguration;
			buildSettings = {
			};
			name = Debug;
		};
		D4102A9415D32C7B00A2AF3E /* Release */ = {
			isa = XCBuildConfiguration;
			buildSettings = {
			};
			name = Release;
		};
		D4102AB915D32C9600A2AF3E /* Debug */ = {
			isa = XCBuildConfiguration;
			buildSettings = {
				ALWAYS_SEARCH_USER_PATHS = NO;
				ARCHS = (
					armv6,
					"$(ARCHS_STANDARD_32_BIT)",
				);
				"CODE_SIGN_IDENTITY[sdk=iphoneos*]" = "iPhone Developer";
				COPY_PHASE_STRIP = NO;
				FRAMEWORK_SEARCH_PATHS = (
					"$(inherited)",
					"\"$(DEVELOPER_FRAMEWORKS_DIR)\"",
				);
				GCC_C_LANGUAGE_STANDARD = gnu99;
				GCC_DYNAMIC_NO_PIC = NO;
				GCC_OPTIMIZATION_LEVEL = 0;
				GCC_PRECOMPILE_PREFIX_HEADER = YES;
				GCC_PREFIX_HEADER = "AH3DPullRefreshDemo/AH3DPullRefreshDemo-Prefix.pch";
				GCC_PREPROCESSOR_DEFINITIONS = (
					"DEBUG=1",
					"$(inherited)",
				);
				GCC_SYMBOLS_PRIVATE_EXTERN = NO;
				GCC_VERSION = com.apple.compilers.llvm.clang.1_0;
				GCC_WARN_ABOUT_MISSING_PROTOTYPES = YES;
				GCC_WARN_ABOUT_RETURN_TYPE = YES;
				GCC_WARN_UNUSED_VARIABLE = YES;
				INFOPLIST_FILE = "AH3DPullRefreshDemo/AH3DPullRefreshDemo-Info.plist";
				IPHONEOS_DEPLOYMENT_TARGET = 3.0;
				PRODUCT_NAME = "$(TARGET_NAME)";
				SDKROOT = iphoneos;
				TARGETED_DEVICE_FAMILY = "1,2";
				WRAPPER_EXTENSION = app;
			};
			name = Debug;
		};
		D4102ABA15D32C9600A2AF3E /* Release */ = {
			isa = XCBuildConfiguration;
			buildSettings = {
				ALWAYS_SEARCH_USER_PATHS = NO;
				ARCHS = (
					armv6,
					"$(ARCHS_STANDARD_32_BIT)",
				);
				"CODE_SIGN_IDENTITY[sdk=iphoneos*]" = "iPhone Developer";
				COPY_PHASE_STRIP = YES;
				FRAMEWORK_SEARCH_PATHS = (
					"$(inherited)",
					"\"$(DEVELOPER_FRAMEWORKS_DIR)\"",
				);
				GCC_C_LANGUAGE_STANDARD = gnu99;
				GCC_PRECOMPILE_PREFIX_HEADER = YES;
				GCC_PREFIX_HEADER = "AH3DPullRefreshDemo/AH3DPullRefreshDemo-Prefix.pch";
				GCC_VERSION = com.apple.compilers.llvm.clang.1_0;
				GCC_WARN_ABOUT_MISSING_PROTOTYPES = YES;
				GCC_WARN_ABOUT_RETURN_TYPE = YES;
				GCC_WARN_UNUSED_VARIABLE = YES;
				INFOPLIST_FILE = "AH3DPullRefreshDemo/AH3DPullRefreshDemo-Info.plist";
				IPHONEOS_DEPLOYMENT_TARGET = 3.0;
				OTHER_CFLAGS = "-DNS_BLOCK_ASSERTIONS=1";
				PRODUCT_NAME = "$(TARGET_NAME)";
				SDKROOT = iphoneos;
				TARGETED_DEVICE_FAMILY = "1,2";
				VALIDATE_PRODUCT = YES;
				WRAPPER_EXTENSION = app;
			};
			name = Release;
		};
/* End XCBuildConfiguration section */

/* Begin XCConfigurationList section */
		D4102A9115D32C7B00A2AF3E /* Build configuration list for PBXProject "AH3DPullRefresh" */ = {
			isa = XCConfigurationList;
			buildConfigurations = (
				D4102A9315D32C7B00A2AF3E /* Debug */,
				D4102A9415D32C7B00A2AF3E /* Release */,
			);
			defaultConfigurationIsVisible = 0;
			defaultConfigurationName = Release;
		};
		D4102AB815D32C9600A2AF3E /* Build configuration list for PBXNativeTarget "AH3DPullRefreshDemo" */ = {
			isa = XCConfigurationList;
			buildConfigurations = (
				D4102AB915D32C9600A2AF3E /* Debug */,
				D4102ABA15D32C9600A2AF3E /* Release */,
			);
			defaultConfigurationIsVisible = 0;
			defaultConfigurationName = Release;
		};
/* End XCConfigurationList section */
	};
	rootObject = D4102A8E15D32C7B00A2AF3E /* Project object */;
}
